// !$*UTF8*$!
{
	archiveVersion = 1;
	classes = {
	};
	objectVersion = 51;
	objects = {

/* Begin PBXBuildFile section */
		2FE436DC1912BDFD9827792D /* (null) in Frameworks */ = {isa = PBXBuildFile; };
		4DB1C0ADBD6522EFE0AC61C6 /* Pods_MyAppTests.framework in Frameworks */ = {isa = PBXBuildFile; fileRef = 597626C8B4DAD381A7EFDAF5 /* Pods_MyAppTests.framework */; };
		693AD1DE22D425A000DA553B /* BundleExt.swift in Sources */ = {isa = PBXBuildFile; fileRef = 693AD1DD22D425A000DA553B /* BundleExt.swift */; };
		693AD1E122D42C9400DA553B /* Language.swift in Sources */ = {isa = PBXBuildFile; fileRef = 693AD1E022D42C9400DA553B /* Language.swift */; };
		693AD1E622D4321C00DA553B /* NetworkService.swift in Sources */ = {isa = PBXBuildFile; fileRef = 693AD1E522D4321C00DA553B /* NetworkService.swift */; };
		693AD1E822D4328600DA553B /* Cacheable.swift in Sources */ = {isa = PBXBuildFile; fileRef = 693AD1E722D4328600DA553B /* Cacheable.swift */; };
		693AD1EE22D4334100DA553B /* APIAction.swift in Sources */ = {isa = PBXBuildFile; fileRef = 693AD1ED22D4334100DA553B /* APIAction.swift */; };
		693AD1F022D4340100DA553B /* AdvencedAction.swift in Sources */ = {isa = PBXBuildFile; fileRef = 693AD1EF22D4340100DA553B /* AdvencedAction.swift */; };
		693AD1F222D4358A00DA553B /* SingleItemResource.swift in Sources */ = {isa = PBXBuildFile; fileRef = 693AD1F122D4358A00DA553B /* SingleItemResource.swift */; };
		693AD1F422D4367F00DA553B /* ArrayResource.swift in Sources */ = {isa = PBXBuildFile; fileRef = 693AD1F322D4367F00DA553B /* ArrayResource.swift */; };
		693AD1F622D4378200DA553B /* BasicNetworkService.swift in Sources */ = {isa = PBXBuildFile; fileRef = 693AD1F522D4378200DA553B /* BasicNetworkService.swift */; };
		693AD1F822D43A4A00DA553B /* Utility.swift in Sources */ = {isa = PBXBuildFile; fileRef = 693AD1F722D43A4A00DA553B /* Utility.swift */; };
		693AD1FA22D43AE500DA553B /* CustomError.swift in Sources */ = {isa = PBXBuildFile; fileRef = 693AD1F922D43AE500DA553B /* CustomError.swift */; };
		693AD1FC22D43BD100DA553B /* CachedNetworkService.swift in Sources */ = {isa = PBXBuildFile; fileRef = 693AD1FB22D43BD100DA553B /* CachedNetworkService.swift */; };
		693AD20022D43E6B00DA553B /* Cache.swift in Sources */ = {isa = PBXBuildFile; fileRef = 693AD1FF22D43E6B00DA553B /* Cache.swift */; };
		693AD20222D43E7800DA553B /* CoreDataStack.swift in Sources */ = {isa = PBXBuildFile; fileRef = 693AD20122D43E7800DA553B /* CoreDataStack.swift */; };
		693AD20722D4426800DA553B /* CacheModel.xcdatamodeld in Sources */ = {isa = PBXBuildFile; fileRef = 693AD20522D4426800DA553B /* CacheModel.xcdatamodeld */; };
		693AD20C22D44C2A00DA553B /* HomeViewModel.swift in Sources */ = {isa = PBXBuildFile; fileRef = 693AD20B22D44C2A00DA553B /* HomeViewModel.swift */; };
		693AD20E22D44D5800DA553B /* PhotoTableCellViewModel.swift in Sources */ = {isa = PBXBuildFile; fileRef = 693AD20D22D44D5800DA553B /* PhotoTableCellViewModel.swift */; };
		693AD21022D44DC300DA553B /* Photo.swift in Sources */ = {isa = PBXBuildFile; fileRef = 693AD20F22D44DC300DA553B /* Photo.swift */; };
		693AD22022D4536200DA553B /* HomeViewController.xib in Resources */ = {isa = PBXBuildFile; fileRef = 693AD21522D4536100DA553B /* HomeViewController.xib */; };
		693AD22122D4536200DA553B /* HomeViewController.swift in Sources */ = {isa = PBXBuildFile; fileRef = 693AD21622D4536100DA553B /* HomeViewController.swift */; };
		693AD22222D4536200DA553B /* SplashViewController.swift in Sources */ = {isa = PBXBuildFile; fileRef = 693AD21822D4536100DA553B /* SplashViewController.swift */; };
		693AD22322D4536200DA553B /* SplashViewController.xib in Resources */ = {isa = PBXBuildFile; fileRef = 693AD21922D4536100DA553B /* SplashViewController.xib */; };
		693AD22422D4536200DA553B /* ExploerViewController.xib in Resources */ = {isa = PBXBuildFile; fileRef = 693AD21B22D4536100DA553B /* ExploerViewController.xib */; };
		693AD22522D4536200DA553B /* ExploerViewController.swift in Sources */ = {isa = PBXBuildFile; fileRef = 693AD21C22D4536100DA553B /* ExploerViewController.swift */; };
		693AD22622D4536200DA553B /* SettingViewController.swift in Sources */ = {isa = PBXBuildFile; fileRef = 693AD21E22D4536100DA553B /* SettingViewController.swift */; };
		693AD22722D4536200DA553B /* SettingViewController.xib in Resources */ = {isa = PBXBuildFile; fileRef = 693AD21F22D4536100DA553B /* SettingViewController.xib */; };
		693AD22D22D46C0700DA553B /* PhotoTableCell.swift in Sources */ = {isa = PBXBuildFile; fileRef = 693AD22B22D46C0700DA553B /* PhotoTableCell.swift */; };
		693AD22E22D46C0700DA553B /* PhotoTableCell.xib in Resources */ = {isa = PBXBuildFile; fileRef = 693AD22C22D46C0700DA553B /* PhotoTableCell.xib */; };
		693AD23122D473CC00DA553B /* Dao.swift in Sources */ = {isa = PBXBuildFile; fileRef = 693AD23022D473CC00DA553B /* Dao.swift */; };
		69B211DA22D33B8A00A765A5 /* R.generated.swift in Sources */ = {isa = PBXBuildFile; fileRef = 69B211D922D33B8A00A765A5 /* R.generated.swift */; };
		69EA9F7222D2F64700FC02D7 /* AppDelegate.swift in Sources */ = {isa = PBXBuildFile; fileRef = 69EA9F7122D2F64700FC02D7 /* AppDelegate.swift */; };
		69EA9F7922D2F64900FC02D7 /* Assets.xcassets in Resources */ = {isa = PBXBuildFile; fileRef = 69EA9F7822D2F64900FC02D7 /* Assets.xcassets */; };
		69EA9F8722D2F64900FC02D7 /* MyAppTests.swift in Sources */ = {isa = PBXBuildFile; fileRef = 69EA9F8622D2F64900FC02D7 /* MyAppTests.swift */; };
		AB0E76492FDCECF050F4C006 /* Pods_MyApp.framework in Frameworks */ = {isa = PBXBuildFile; fileRef = 7DA32ED300C3C6A485A60053 /* Pods_MyApp.framework */; };
		E7FA532A22D38ABA007A6BA4 /* ViewController.swift in Sources */ = {isa = PBXBuildFile; fileRef = E7FA532922D38ABA007A6BA4 /* ViewController.swift */; };
		E7FA532C22D38AD2007A6BA4 /* TabbarController.swift in Sources */ = {isa = PBXBuildFile; fileRef = E7FA532B22D38AD2007A6BA4 /* TabbarController.swift */; };
		E7FA533022D38EEF007A6BA4 /* TabBarItem.swift in Sources */ = {isa = PBXBuildFile; fileRef = E7FA532F22D38EEF007A6BA4 /* TabBarItem.swift */; };
		E7FA534622D3A94C007A6BA4 /* FontSizeExt.swift in Sources */ = {isa = PBXBuildFile; fileRef = E7FA534522D3A94C007A6BA4 /* FontSizeExt.swift */; };
		E7FA534822D3A989007A6BA4 /* CGFloatExt.swift in Sources */ = {isa = PBXBuildFile; fileRef = E7FA534722D3A989007A6BA4 /* CGFloatExt.swift */; };
		E7FA534A22D3AA3A007A6BA4 /* StringExt.swift in Sources */ = {isa = PBXBuildFile; fileRef = E7FA534922D3AA3A007A6BA4 /* StringExt.swift */; };
		E7FA534D22D3ABC8007A6BA4 /* Ratio.swift in Sources */ = {isa = PBXBuildFile; fileRef = E7FA534C22D3ABC8007A6BA4 /* Ratio.swift */; };
		E7FA534F22D3AC4F007A6BA4 /* Measurement.swift in Sources */ = {isa = PBXBuildFile; fileRef = E7FA534E22D3AC4F007A6BA4 /* Measurement.swift */; };
		E7FA535122D3ACAB007A6BA4 /* Hiragino Sans GB W6.ttf in Resources */ = {isa = PBXBuildFile; fileRef = E7FA535022D3ACAB007A6BA4 /* Hiragino Sans GB W6.ttf */; };
		E7FA535322D3ACBC007A6BA4 /* Hiragino Sans GB W3.ttf in Resources */ = {isa = PBXBuildFile; fileRef = E7FA535222D3ACBC007A6BA4 /* Hiragino Sans GB W3.ttf */; };
		E7FA535922D3AF74007A6BA4 /* Localizable.strings in Resources */ = {isa = PBXBuildFile; fileRef = E7FA535B22D3AF74007A6BA4 /* Localizable.strings */; };
/* End PBXBuildFile section */

/* Begin PBXContainerItemProxy section */
		69EA9F8322D2F64900FC02D7 /* PBXContainerItemProxy */ = {
			isa = PBXContainerItemProxy;
			containerPortal = 69EA9F6622D2F64700FC02D7 /* Project object */;
			proxyType = 1;
			remoteGlobalIDString = 69EA9F6D22D2F64700FC02D7;
			remoteInfo = MyApp;
		};
/* End PBXContainerItemProxy section */

/* Begin PBXFileReference section */
		465E8D274F4000D1AE4858C0 /* Pods-MyAppTests.debug.xcconfig */ = {isa = PBXFileReference; includeInIndex = 1; lastKnownFileType = text.xcconfig; name = "Pods-MyAppTests.debug.xcconfig"; path = "Target Support Files/Pods-MyAppTests/Pods-MyAppTests.debug.xcconfig"; sourceTree = "<group>"; };
		597626C8B4DAD381A7EFDAF5 /* Pods_MyAppTests.framework */ = {isa = PBXFileReference; explicitFileType = wrapper.framework; includeInIndex = 0; path = Pods_MyAppTests.framework; sourceTree = BUILT_PRODUCTS_DIR; };
		693AD1DD22D425A000DA553B /* BundleExt.swift */ = {isa = PBXFileReference; lastKnownFileType = sourcecode.swift; path = BundleExt.swift; sourceTree = "<group>"; };
		693AD1E022D42C9400DA553B /* Language.swift */ = {isa = PBXFileReference; lastKnownFileType = sourcecode.swift; path = Language.swift; sourceTree = "<group>"; };
		693AD1E522D4321C00DA553B /* NetworkService.swift */ = {isa = PBXFileReference; lastKnownFileType = sourcecode.swift; path = NetworkService.swift; sourceTree = "<group>"; };
		693AD1E722D4328600DA553B /* Cacheable.swift */ = {isa = PBXFileReference; lastKnownFileType = sourcecode.swift; path = Cacheable.swift; sourceTree = "<group>"; };
		693AD1ED22D4334100DA553B /* APIAction.swift */ = {isa = PBXFileReference; lastKnownFileType = sourcecode.swift; path = APIAction.swift; sourceTree = "<group>"; };
		693AD1EF22D4340100DA553B /* AdvencedAction.swift */ = {isa = PBXFileReference; lastKnownFileType = sourcecode.swift; path = AdvencedAction.swift; sourceTree = "<group>"; };
		693AD1F122D4358A00DA553B /* SingleItemResource.swift */ = {isa = PBXFileReference; lastKnownFileType = sourcecode.swift; path = SingleItemResource.swift; sourceTree = "<group>"; };
		693AD1F322D4367F00DA553B /* ArrayResource.swift */ = {isa = PBXFileReference; lastKnownFileType = sourcecode.swift; path = ArrayResource.swift; sourceTree = "<group>"; };
		693AD1F522D4378200DA553B /* BasicNetworkService.swift */ = {isa = PBXFileReference; lastKnownFileType = sourcecode.swift; path = BasicNetworkService.swift; sourceTree = "<group>"; };
		693AD1F722D43A4A00DA553B /* Utility.swift */ = {isa = PBXFileReference; lastKnownFileType = sourcecode.swift; path = Utility.swift; sourceTree = "<group>"; };
		693AD1F922D43AE500DA553B /* CustomError.swift */ = {isa = PBXFileReference; lastKnownFileType = sourcecode.swift; path = CustomError.swift; sourceTree = "<group>"; };
		693AD1FB22D43BD100DA553B /* CachedNetworkService.swift */ = {isa = PBXFileReference; lastKnownFileType = sourcecode.swift; path = CachedNetworkService.swift; sourceTree = "<group>"; };
		693AD1FF22D43E6B00DA553B /* Cache.swift */ = {isa = PBXFileReference; lastKnownFileType = sourcecode.swift; path = Cache.swift; sourceTree = "<group>"; };
		693AD20122D43E7800DA553B /* CoreDataStack.swift */ = {isa = PBXFileReference; lastKnownFileType = sourcecode.swift; path = CoreDataStack.swift; sourceTree = "<group>"; };
		693AD20622D4426800DA553B /* CacheModel.xcdatamodel */ = {isa = PBXFileReference; lastKnownFileType = wrapper.xcdatamodel; path = CacheModel.xcdatamodel; sourceTree = "<group>"; };
		693AD20B22D44C2A00DA553B /* HomeViewModel.swift */ = {isa = PBXFileReference; lastKnownFileType = sourcecode.swift; path = HomeViewModel.swift; sourceTree = "<group>"; };
		693AD20D22D44D5800DA553B /* PhotoTableCellViewModel.swift */ = {isa = PBXFileReference; lastKnownFileType = sourcecode.swift; path = PhotoTableCellViewModel.swift; sourceTree = "<group>"; };
		693AD20F22D44DC300DA553B /* Photo.swift */ = {isa = PBXFileReference; lastKnownFileType = sourcecode.swift; path = Photo.swift; sourceTree = "<group>"; };
		693AD21522D4536100DA553B /* HomeViewController.xib */ = {isa = PBXFileReference; fileEncoding = 4; lastKnownFileType = file.xib; path = HomeViewController.xib; sourceTree = "<group>"; };
		693AD21622D4536100DA553B /* HomeViewController.swift */ = {isa = PBXFileReference; fileEncoding = 4; lastKnownFileType = sourcecode.swift; path = HomeViewController.swift; sourceTree = "<group>"; };
		693AD21822D4536100DA553B /* SplashViewController.swift */ = {isa = PBXFileReference; fileEncoding = 4; lastKnownFileType = sourcecode.swift; path = SplashViewController.swift; sourceTree = "<group>"; };
		693AD21922D4536100DA553B /* SplashViewController.xib */ = {isa = PBXFileReference; fileEncoding = 4; lastKnownFileType = file.xib; path = SplashViewController.xib; sourceTree = "<group>"; };
		693AD21B22D4536100DA553B /* ExploerViewController.xib */ = {isa = PBXFileReference; fileEncoding = 4; lastKnownFileType = file.xib; path = ExploerViewController.xib; sourceTree = "<group>"; };
		693AD21C22D4536100DA553B /* ExploerViewController.swift */ = {isa = PBXFileReference; fileEncoding = 4; lastKnownFileType = sourcecode.swift; path = ExploerViewController.swift; sourceTree = "<group>"; };
		693AD21E22D4536100DA553B /* SettingViewController.swift */ = {isa = PBXFileReference; fileEncoding = 4; lastKnownFileType = sourcecode.swift; path = SettingViewController.swift; sourceTree = "<group>"; };
		693AD21F22D4536100DA553B /* SettingViewController.xib */ = {isa = PBXFileReference; fileEncoding = 4; lastKnownFileType = file.xib; path = SettingViewController.xib; sourceTree = "<group>"; };
		693AD22B22D46C0700DA553B /* PhotoTableCell.swift */ = {isa = PBXFileReference; lastKnownFileType = sourcecode.swift; path = PhotoTableCell.swift; sourceTree = "<group>"; };
		693AD22C22D46C0700DA553B /* PhotoTableCell.xib */ = {isa = PBXFileReference; lastKnownFileType = file.xib; path = PhotoTableCell.xib; sourceTree = "<group>"; };
		693AD23022D473CC00DA553B /* Dao.swift */ = {isa = PBXFileReference; lastKnownFileType = sourcecode.swift; path = Dao.swift; sourceTree = "<group>"; };
		69B211C522D32F8900A765A5 /* Debug.xcconfig */ = {isa = PBXFileReference; lastKnownFileType = text.xcconfig; path = Debug.xcconfig; sourceTree = "<group>"; };
		69B211C622D32F9700A765A5 /* Release.xcconfig */ = {isa = PBXFileReference; lastKnownFileType = text.xcconfig; path = Release.xcconfig; sourceTree = "<group>"; };
		69B211C722D32FB000A765A5 /* Release-UAT.xcconfig */ = {isa = PBXFileReference; lastKnownFileType = text.xcconfig; path = "Release-UAT.xcconfig"; sourceTree = "<group>"; };
		69B211C822D32FBF00A765A5 /* Release-PROD.xcconfig */ = {isa = PBXFileReference; lastKnownFileType = text.xcconfig; path = "Release-PROD.xcconfig"; sourceTree = "<group>"; };
		69B211D922D33B8A00A765A5 /* R.generated.swift */ = {isa = PBXFileReference; fileEncoding = 4; lastKnownFileType = sourcecode.swift; path = R.generated.swift; sourceTree = "<group>"; };
		69EA9F6E22D2F64700FC02D7 /* MyApp.app */ = {isa = PBXFileReference; explicitFileType = wrapper.application; includeInIndex = 0; path = MyApp.app; sourceTree = BUILT_PRODUCTS_DIR; };
		69EA9F7122D2F64700FC02D7 /* AppDelegate.swift */ = {isa = PBXFileReference; lastKnownFileType = sourcecode.swift; path = AppDelegate.swift; sourceTree = "<group>"; };
		69EA9F7822D2F64900FC02D7 /* Assets.xcassets */ = {isa = PBXFileReference; lastKnownFileType = folder.assetcatalog; path = Assets.xcassets; sourceTree = "<group>"; };
		69EA9F7D22D2F64900FC02D7 /* Info.plist */ = {isa = PBXFileReference; lastKnownFileType = text.plist.xml; path = Info.plist; sourceTree = "<group>"; };
		69EA9F8222D2F64900FC02D7 /* MyAppTests.xctest */ = {isa = PBXFileReference; explicitFileType = wrapper.cfbundle; includeInIndex = 0; path = MyAppTests.xctest; sourceTree = BUILT_PRODUCTS_DIR; };
		69EA9F8622D2F64900FC02D7 /* MyAppTests.swift */ = {isa = PBXFileReference; lastKnownFileType = sourcecode.swift; path = MyAppTests.swift; sourceTree = "<group>"; };
		69EA9F8822D2F64900FC02D7 /* Info.plist */ = {isa = PBXFileReference; lastKnownFileType = text.plist.xml; path = Info.plist; sourceTree = "<group>"; };
		7DA32ED300C3C6A485A60053 /* Pods_MyApp.framework */ = {isa = PBXFileReference; explicitFileType = wrapper.framework; includeInIndex = 0; path = Pods_MyApp.framework; sourceTree = BUILT_PRODUCTS_DIR; };
		7E78F360A791705920D70DE3 /* Pods-MyAppTests.release-prod.xcconfig */ = {isa = PBXFileReference; includeInIndex = 1; lastKnownFileType = text.xcconfig; name = "Pods-MyAppTests.release-prod.xcconfig"; path = "Target Support Files/Pods-MyAppTests/Pods-MyAppTests.release-prod.xcconfig"; sourceTree = "<group>"; };
		87F99550A32D0D550BDE596D /* Pods-MyApp.release-uat.xcconfig */ = {isa = PBXFileReference; includeInIndex = 1; lastKnownFileType = text.xcconfig; name = "Pods-MyApp.release-uat.xcconfig"; path = "Target Support Files/Pods-MyApp/Pods-MyApp.release-uat.xcconfig"; sourceTree = "<group>"; };
		8A40C89271C0F7DFD538B097 /* Pods-MyApp.release.xcconfig */ = {isa = PBXFileReference; includeInIndex = 1; lastKnownFileType = text.xcconfig; name = "Pods-MyApp.release.xcconfig"; path = "Target Support Files/Pods-MyApp/Pods-MyApp.release.xcconfig"; sourceTree = "<group>"; };
		8C64B218D28B5DCCDB6B0116 /* Pods-MyAppTests.release-uat.xcconfig */ = {isa = PBXFileReference; includeInIndex = 1; lastKnownFileType = text.xcconfig; name = "Pods-MyAppTests.release-uat.xcconfig"; path = "Target Support Files/Pods-MyAppTests/Pods-MyAppTests.release-uat.xcconfig"; sourceTree = "<group>"; };
		AB723D98D79ACA000E1560D9 /* Pods-MyApp.debug.xcconfig */ = {isa = PBXFileReference; includeInIndex = 1; lastKnownFileType = text.xcconfig; name = "Pods-MyApp.debug.xcconfig"; path = "Target Support Files/Pods-MyApp/Pods-MyApp.debug.xcconfig"; sourceTree = "<group>"; };
		CD0E99D87120BDC05773D153 /* Pods-MyApp.release-prod.xcconfig */ = {isa = PBXFileReference; includeInIndex = 1; lastKnownFileType = text.xcconfig; name = "Pods-MyApp.release-prod.xcconfig"; path = "Target Support Files/Pods-MyApp/Pods-MyApp.release-prod.xcconfig"; sourceTree = "<group>"; };
		E7FA532922D38ABA007A6BA4 /* ViewController.swift */ = {isa = PBXFileReference; lastKnownFileType = sourcecode.swift; path = ViewController.swift; sourceTree = "<group>"; };
		E7FA532B22D38AD2007A6BA4 /* TabbarController.swift */ = {isa = PBXFileReference; lastKnownFileType = sourcecode.swift; path = TabbarController.swift; sourceTree = "<group>"; };
		E7FA532F22D38EEF007A6BA4 /* TabBarItem.swift */ = {isa = PBXFileReference; lastKnownFileType = sourcecode.swift; path = TabBarItem.swift; sourceTree = "<group>"; };
		E7FA534522D3A94C007A6BA4 /* FontSizeExt.swift */ = {isa = PBXFileReference; lastKnownFileType = sourcecode.swift; path = FontSizeExt.swift; sourceTree = "<group>"; };
		E7FA534722D3A989007A6BA4 /* CGFloatExt.swift */ = {isa = PBXFileReference; lastKnownFileType = sourcecode.swift; path = CGFloatExt.swift; sourceTree = "<group>"; };
		E7FA534922D3AA3A007A6BA4 /* StringExt.swift */ = {isa = PBXFileReference; lastKnownFileType = sourcecode.swift; path = StringExt.swift; sourceTree = "<group>"; };
		E7FA534C22D3ABC8007A6BA4 /* Ratio.swift */ = {isa = PBXFileReference; lastKnownFileType = sourcecode.swift; path = Ratio.swift; sourceTree = "<group>"; };
		E7FA534E22D3AC4F007A6BA4 /* Measurement.swift */ = {isa = PBXFileReference; lastKnownFileType = sourcecode.swift; path = Measurement.swift; sourceTree = "<group>"; };
		E7FA535022D3ACAB007A6BA4 /* Hiragino Sans GB W6.ttf */ = {isa = PBXFileReference; lastKnownFileType = file; path = "Hiragino Sans GB W6.ttf"; sourceTree = "<group>"; };
		E7FA535222D3ACBC007A6BA4 /* Hiragino Sans GB W3.ttf */ = {isa = PBXFileReference; lastKnownFileType = file; path = "Hiragino Sans GB W3.ttf"; sourceTree = "<group>"; };
		E7FA535A22D3AF74007A6BA4 /* en */ = {isa = PBXFileReference; lastKnownFileType = text.plist.strings; name = en; path = en.lproj/Localizable.strings; sourceTree = "<group>"; };
		E7FA535D22D3AF83007A6BA4 /* ja */ = {isa = PBXFileReference; lastKnownFileType = text.plist.strings; name = ja; path = ja.lproj/Localizable.strings; sourceTree = "<group>"; };
		F3557AEC4CD1923586100729 /* Pods-MyAppTests.release.xcconfig */ = {isa = PBXFileReference; includeInIndex = 1; lastKnownFileType = text.xcconfig; name = "Pods-MyAppTests.release.xcconfig"; path = "Target Support Files/Pods-MyAppTests/Pods-MyAppTests.release.xcconfig"; sourceTree = "<group>"; };
/* End PBXFileReference section */

/* Begin PBXFrameworksBuildPhase section */
		69EA9F6B22D2F64700FC02D7 /* Frameworks */ = {
			isa = PBXFrameworksBuildPhase;
			buildActionMask = 2147483647;
			files = (
				AB0E76492FDCECF050F4C006 /* Pods_MyApp.framework in Frameworks */,
				2FE436DC1912BDFD9827792D /* (null) in Frameworks */,
			);
			runOnlyForDeploymentPostprocessing = 0;
		};
		69EA9F7F22D2F64900FC02D7 /* Frameworks */ = {
			isa = PBXFrameworksBuildPhase;
			buildActionMask = 2147483647;
			files = (
				4DB1C0ADBD6522EFE0AC61C6 /* Pods_MyAppTests.framework in Frameworks */,
			);
			runOnlyForDeploymentPostprocessing = 0;
		};
/* End PBXFrameworksBuildPhase section */

/* Begin PBXGroup section */
		56651C1EC3CCD6DFDDC57E10 /* Frameworks */ = {
			isa = PBXGroup;
			children = (
				7DA32ED300C3C6A485A60053 /* Pods_MyApp.framework */,
				597626C8B4DAD381A7EFDAF5 /* Pods_MyAppTests.framework */,
			);
			name = Frameworks;
			sourceTree = "<group>";
		};
		693AD1DF22D42C8100DA553B /* Models */ = {
			isa = PBXGroup;
			children = (
				693AD1E022D42C9400DA553B /* Language.swift */,
				693AD20F22D44DC300DA553B /* Photo.swift */,
				693AD1FE22D43E4700DA553B /* CoreData */,
			);
			path = Models;
			sourceTree = "<group>";
		};
		693AD1E422D431D300DA553B /* Protocols */ = {
			isa = PBXGroup;
			children = (
				693AD1E522D4321C00DA553B /* NetworkService.swift */,
				693AD1E722D4328600DA553B /* Cacheable.swift */,
			);
			path = Protocols;
			sourceTree = "<group>";
		};
		693AD1E922D4331000DA553B /* Network */ = {
			isa = PBXGroup;
			children = (
				693AD1EC22D4332800DA553B /* Actions */,
				693AD1EB22D4332100DA553B /* Resource */,
				693AD1EA22D4331C00DA553B /* Services */,
			);
			path = Network;
			sourceTree = "<group>";
		};
		693AD1EA22D4331C00DA553B /* Services */ = {
			isa = PBXGroup;
			children = (
				693AD1F522D4378200DA553B /* BasicNetworkService.swift */,
				693AD1FB22D43BD100DA553B /* CachedNetworkService.swift */,
			);
			path = Services;
			sourceTree = "<group>";
		};
		693AD1EB22D4332100DA553B /* Resource */ = {
			isa = PBXGroup;
			children = (
				693AD1F122D4358A00DA553B /* SingleItemResource.swift */,
				693AD1F322D4367F00DA553B /* ArrayResource.swift */,
			);
			path = Resource;
			sourceTree = "<group>";
		};
		693AD1EC22D4332800DA553B /* Actions */ = {
			isa = PBXGroup;
			children = (
				693AD1ED22D4334100DA553B /* APIAction.swift */,
				693AD1EF22D4340100DA553B /* AdvencedAction.swift */,
			);
			path = Actions;
			sourceTree = "<group>";
		};
		693AD1FE22D43E4700DA553B /* CoreData */ = {
			isa = PBXGroup;
			children = (
				693AD1FF22D43E6B00DA553B /* Cache.swift */,
				693AD20122D43E7800DA553B /* CoreDataStack.swift */,
				693AD20522D4426800DA553B /* CacheModel.xcdatamodeld */,
			);
			path = CoreData;
			sourceTree = "<group>";
		};
		693AD20822D4480000DA553B /* ViewModel */ = {
			isa = PBXGroup;
			children = (
				693AD20A22D4481800DA553B /* Cells */,
				693AD20922D4481300DA553B /* Controllers */,
			);
			path = ViewModel;
			sourceTree = "<group>";
		};
		693AD20922D4481300DA553B /* Controllers */ = {
			isa = PBXGroup;
			children = (
				693AD20B22D44C2A00DA553B /* HomeViewModel.swift */,
			);
			path = Controllers;
			sourceTree = "<group>";
		};
		693AD20A22D4481800DA553B /* Cells */ = {
			isa = PBXGroup;
			children = (
				693AD20D22D44D5800DA553B /* PhotoTableCellViewModel.swift */,
			);
			path = Cells;
			sourceTree = "<group>";
		};
		693AD21322D4536100DA553B /* Controllers */ = {
			isa = PBXGroup;
			children = (
				693AD21422D4536100DA553B /* Home */,
				693AD21722D4536100DA553B /* Splash */,
				693AD21A22D4536100DA553B /* Exploer */,
				693AD21D22D4536100DA553B /* Setting */,
			);
			path = Controllers;
			sourceTree = "<group>";
		};
		693AD21422D4536100DA553B /* Home */ = {
			isa = PBXGroup;
			children = (
				693AD21622D4536100DA553B /* HomeViewController.swift */,
				693AD21522D4536100DA553B /* HomeViewController.xib */,
			);
			path = Home;
			sourceTree = "<group>";
		};
		693AD21722D4536100DA553B /* Splash */ = {
			isa = PBXGroup;
			children = (
				693AD21822D4536100DA553B /* SplashViewController.swift */,
				693AD21922D4536100DA553B /* SplashViewController.xib */,
			);
			path = Splash;
			sourceTree = "<group>";
		};
		693AD21A22D4536100DA553B /* Exploer */ = {
			isa = PBXGroup;
			children = (
				693AD21C22D4536100DA553B /* ExploerViewController.swift */,
				693AD21B22D4536100DA553B /* ExploerViewController.xib */,
			);
			path = Exploer;
			sourceTree = "<group>";
		};
		693AD21D22D4536100DA553B /* Setting */ = {
			isa = PBXGroup;
			children = (
				693AD21E22D4536100DA553B /* SettingViewController.swift */,
				693AD21F22D4536100DA553B /* SettingViewController.xib */,
			);
			path = Setting;
			sourceTree = "<group>";
		};
		693AD22822D4536900DA553B /* Cells */ = {
			isa = PBXGroup;
			children = (
				693AD22F22D46C0E00DA553B /* Photo */,
			);
			path = Cells;
			sourceTree = "<group>";
		};
		693AD22F22D46C0E00DA553B /* Photo */ = {
			isa = PBXGroup;
			children = (
				693AD22B22D46C0700DA553B /* PhotoTableCell.swift */,
				693AD22C22D46C0700DA553B /* PhotoTableCell.xib */,
			);
			path = Photo;
			sourceTree = "<group>";
		};
		69B211C422D32F6600A765A5 /* Configure */ = {
			isa = PBXGroup;
			children = (
				69B211C522D32F8900A765A5 /* Debug.xcconfig */,
				69B211C822D32FBF00A765A5 /* Release-PROD.xcconfig */,
				69B211C722D32FB000A765A5 /* Release-UAT.xcconfig */,
				69B211C622D32F9700A765A5 /* Release.xcconfig */,
			);
			path = Configure;
			sourceTree = "<group>";
		};
		69B211D822D339C500A765A5 /* Resources */ = {
			isa = PBXGroup;
			children = (
				69B211D922D33B8A00A765A5 /* R.generated.swift */,
				69EA9F7822D2F64900FC02D7 /* Assets.xcassets */,
				E7FA534422D3A857007A6BA4 /* Fonts */,
				E7FA534322D3A847007A6BA4 /* Languages */,
			);
			path = Resources;
			sourceTree = "<group>";
		};
		69B211DB22D33C1000A765A5 /* Supports */ = {
			isa = PBXGroup;
			children = (
				69EA9F7D22D2F64900FC02D7 /* Info.plist */,
			);
			path = Supports;
			sourceTree = "<group>";
		};
		69B211DC22D33C7E00A765A5 /* View */ = {
			isa = PBXGroup;
			children = (
				69EA9F7122D2F64700FC02D7 /* AppDelegate.swift */,
				693AD22822D4536900DA553B /* Cells */,
				693AD21322D4536100DA553B /* Controllers */,
				E7FA532822D38AAE007A6BA4 /* Core */,
			);
			path = View;
			sourceTree = "<group>";
		};
		69EA9F6522D2F64700FC02D7 = {
			isa = PBXGroup;
			children = (
				69EA9F7022D2F64700FC02D7 /* MyApp */,
				69EA9F8522D2F64900FC02D7 /* MyAppTests */,
				56651C1EC3CCD6DFDDC57E10 /* Frameworks */,
				EC86397692A051636D3BC7F3 /* Pods */,
				69EA9F6F22D2F64700FC02D7 /* Products */,
			);
			sourceTree = "<group>";
		};
		69EA9F6F22D2F64700FC02D7 /* Products */ = {
			isa = PBXGroup;
			children = (
				69EA9F6E22D2F64700FC02D7 /* MyApp.app */,
				69EA9F8222D2F64900FC02D7 /* MyAppTests.xctest */,
			);
			name = Products;
			sourceTree = "<group>";
		};
		69EA9F7022D2F64700FC02D7 /* MyApp */ = {
			isa = PBXGroup;
			children = (
				69B211C422D32F6600A765A5 /* Configure */,
				E7FA533B22D39857007A6BA4 /* Library */,
				693AD1DF22D42C8100DA553B /* Models */,
				693AD1E922D4331000DA553B /* Network */,
				693AD1E422D431D300DA553B /* Protocols */,
				69B211D822D339C500A765A5 /* Resources */,
				69B211DB22D33C1000A765A5 /* Supports */,
				69B211DC22D33C7E00A765A5 /* View */,
				693AD20822D4480000DA553B /* ViewModel */,
			);
			path = MyApp;
			sourceTree = "<group>";
		};
		69EA9F8522D2F64900FC02D7 /* MyAppTests */ = {
			isa = PBXGroup;
			children = (
				69EA9F8622D2F64900FC02D7 /* MyAppTests.swift */,
				69EA9F8822D2F64900FC02D7 /* Info.plist */,
			);
			path = MyAppTests;
			sourceTree = "<group>";
		};
		E7FA532822D38AAE007A6BA4 /* Core */ = {
			isa = PBXGroup;
			children = (
				E7FA532922D38ABA007A6BA4 /* ViewController.swift */,
				E7FA532B22D38AD2007A6BA4 /* TabbarController.swift */,
				E7FA532F22D38EEF007A6BA4 /* TabBarItem.swift */,
			);
			path = Core;
			sourceTree = "<group>";
		};
		E7FA533B22D39857007A6BA4 /* Library */ = {
			isa = PBXGroup;
			children = (
				E7FA533C22D3985D007A6BA4 /* Extension */,
				E7FA534B22D3ABB1007A6BA4 /* Utils */,
			);
			path = Library;
			sourceTree = "<group>";
		};
		E7FA533C22D3985D007A6BA4 /* Extension */ = {
			isa = PBXGroup;
			children = (
				E7FA534522D3A94C007A6BA4 /* FontSizeExt.swift */,
				E7FA534722D3A989007A6BA4 /* CGFloatExt.swift */,
				E7FA534922D3AA3A007A6BA4 /* StringExt.swift */,
				693AD1DD22D425A000DA553B /* BundleExt.swift */,
			);
			path = Extension;
			sourceTree = "<group>";
		};
		E7FA534322D3A847007A6BA4 /* Languages */ = {
			isa = PBXGroup;
			children = (
				E7FA535B22D3AF74007A6BA4 /* Localizable.strings */,
			);
			path = Languages;
			sourceTree = "<group>";
		};
		E7FA534422D3A857007A6BA4 /* Fonts */ = {
			isa = PBXGroup;
			children = (
				E7FA535222D3ACBC007A6BA4 /* Hiragino Sans GB W3.ttf */,
				E7FA535022D3ACAB007A6BA4 /* Hiragino Sans GB W6.ttf */,
			);
			path = Fonts;
			sourceTree = "<group>";
		};
		E7FA534B22D3ABB1007A6BA4 /* Utils */ = {
			isa = PBXGroup;
			children = (
				E7FA534C22D3ABC8007A6BA4 /* Ratio.swift */,
				E7FA534E22D3AC4F007A6BA4 /* Measurement.swift */,
				693AD1F722D43A4A00DA553B /* Utility.swift */,
				693AD1F922D43AE500DA553B /* CustomError.swift */,
				693AD23022D473CC00DA553B /* Dao.swift */,
			);
			path = Utils;
			sourceTree = "<group>";
		};
		EC86397692A051636D3BC7F3 /* Pods */ = {
			isa = PBXGroup;
			children = (
				AB723D98D79ACA000E1560D9 /* Pods-MyApp.debug.xcconfig */,
				8A40C89271C0F7DFD538B097 /* Pods-MyApp.release.xcconfig */,
				465E8D274F4000D1AE4858C0 /* Pods-MyAppTests.debug.xcconfig */,
				F3557AEC4CD1923586100729 /* Pods-MyAppTests.release.xcconfig */,
				87F99550A32D0D550BDE596D /* Pods-MyApp.release-uat.xcconfig */,
				CD0E99D87120BDC05773D153 /* Pods-MyApp.release-prod.xcconfig */,
				8C64B218D28B5DCCDB6B0116 /* Pods-MyAppTests.release-uat.xcconfig */,
				7E78F360A791705920D70DE3 /* Pods-MyAppTests.release-prod.xcconfig */,
			);
			path = Pods;
			sourceTree = "<group>";
		};
/* End PBXGroup section */

/* Begin PBXNativeTarget section */
		69EA9F6D22D2F64700FC02D7 /* MyApp */ = {
			isa = PBXNativeTarget;
			buildConfigurationList = 69EA9F9622D2F64900FC02D7 /* Build configuration list for PBXNativeTarget "MyApp" */;
			buildPhases = (
				D1BE0AE0DD86C081479F234D /* [CP] Check Pods Manifest.lock */,
				69B211D422D3392900A765A5 /* Run Script - R.swift */,
				69B211D522D3396700A765A5 /* Run Script - SwiftLint */,
				69EA9F6A22D2F64700FC02D7 /* Sources */,
				69EA9F6B22D2F64700FC02D7 /* Frameworks */,
				69EA9F6C22D2F64700FC02D7 /* Resources */,
				26C95BCACA7EC9124A72C4DF /* [CP] Embed Pods Frameworks */,
			);
			buildRules = (
			);
			dependencies = (
			);
			name = MyApp;
			productName = MyApp;
			productReference = 69EA9F6E22D2F64700FC02D7 /* MyApp.app */;
			productType = "com.apple.product-type.application";
		};
		69EA9F8122D2F64900FC02D7 /* MyAppTests */ = {
			isa = PBXNativeTarget;
			buildConfigurationList = 69EA9F9922D2F64900FC02D7 /* Build configuration list for PBXNativeTarget "MyAppTests" */;
			buildPhases = (
				68A50C572752A4CA295A44DB /* [CP] Check Pods Manifest.lock */,
				69EA9F7E22D2F64900FC02D7 /* Sources */,
				69EA9F7F22D2F64900FC02D7 /* Frameworks */,
				69EA9F8022D2F64900FC02D7 /* Resources */,
				11F4C5404C38ED91577B5E42 /* [CP] Embed Pods Frameworks */,
			);
			buildRules = (
			);
			dependencies = (
				69EA9F8422D2F64900FC02D7 /* PBXTargetDependency */,
			);
			name = MyAppTests;
			productName = MyAppTests;
			productReference = 69EA9F8222D2F64900FC02D7 /* MyAppTests.xctest */;
			productType = "com.apple.product-type.bundle.unit-test";
		};
/* End PBXNativeTarget section */

/* Begin PBXProject section */
		69EA9F6622D2F64700FC02D7 /* Project object */ = {
			isa = PBXProject;
			attributes = {
				LastSwiftUpdateCheck = 1020;
				LastUpgradeCheck = 1020;
				ORGANIZATIONNAME = "Chinh Pham N.";
				TargetAttributes = {
					69EA9F6D22D2F64700FC02D7 = {
						CreatedOnToolsVersion = 10.2.1;
					};
					69EA9F8122D2F64900FC02D7 = {
						CreatedOnToolsVersion = 10.2.1;
						TestTargetID = 69EA9F6D22D2F64700FC02D7;
					};
				};
			};
			buildConfigurationList = 69EA9F6922D2F64700FC02D7 /* Build configuration list for PBXProject "MyApp" */;
			compatibilityVersion = "Xcode 9.3";
			developmentRegion = en;
			hasScannedForEncodings = 0;
			knownRegions = (
				en,
				ja,
			);
			mainGroup = 69EA9F6522D2F64700FC02D7;
			productRefGroup = 69EA9F6F22D2F64700FC02D7 /* Products */;
			projectDirPath = "";
			projectRoot = "";
			targets = (
				69EA9F6D22D2F64700FC02D7 /* MyApp */,
				69EA9F8122D2F64900FC02D7 /* MyAppTests */,
			);
		};
/* End PBXProject section */

/* Begin PBXResourcesBuildPhase section */
		69EA9F6C22D2F64700FC02D7 /* Resources */ = {
			isa = PBXResourcesBuildPhase;
			buildActionMask = 2147483647;
			files = (
				E7FA535122D3ACAB007A6BA4 /* Hiragino Sans GB W6.ttf in Resources */,
				693AD22322D4536200DA553B /* SplashViewController.xib in Resources */,
				693AD22E22D46C0700DA553B /* PhotoTableCell.xib in Resources */,
				E7FA535922D3AF74007A6BA4 /* Localizable.strings in Resources */,
				693AD22422D4536200DA553B /* ExploerViewController.xib in Resources */,
				693AD22022D4536200DA553B /* HomeViewController.xib in Resources */,
				E7FA535322D3ACBC007A6BA4 /* Hiragino Sans GB W3.ttf in Resources */,
				69EA9F7922D2F64900FC02D7 /* Assets.xcassets in Resources */,
				693AD22722D4536200DA553B /* SettingViewController.xib in Resources */,
			);
			runOnlyForDeploymentPostprocessing = 0;
		};
		69EA9F8022D2F64900FC02D7 /* Resources */ = {
			isa = PBXResourcesBuildPhase;
			buildActionMask = 2147483647;
			files = (
			);
			runOnlyForDeploymentPostprocessing = 0;
		};
/* End PBXResourcesBuildPhase section */

/* Begin PBXShellScriptBuildPhase section */
		11F4C5404C38ED91577B5E42 /* [CP] Embed Pods Frameworks */ = {
			isa = PBXShellScriptBuildPhase;
			buildActionMask = 2147483647;
			files = (
			);
			inputFileListPaths = (
				"${PODS_ROOT}/Target Support Files/Pods-MyAppTests/Pods-MyAppTests-frameworks-${CONFIGURATION}-input-files.xcfilelist",
			);
			name = "[CP] Embed Pods Frameworks";
			outputFileListPaths = (
				"${PODS_ROOT}/Target Support Files/Pods-MyAppTests/Pods-MyAppTests-frameworks-${CONFIGURATION}-output-files.xcfilelist",
			);
			runOnlyForDeploymentPostprocessing = 0;
			shellPath = /bin/sh;
			shellScript = "\"${PODS_ROOT}/Target Support Files/Pods-MyAppTests/Pods-MyAppTests-frameworks.sh\"\n";
			showEnvVarsInLog = 0;
		};
		26C95BCACA7EC9124A72C4DF /* [CP] Embed Pods Frameworks */ = {
			isa = PBXShellScriptBuildPhase;
			buildActionMask = 2147483647;
			files = (
			);
			inputFileListPaths = (
				"${PODS_ROOT}/Target Support Files/Pods-MyApp/Pods-MyApp-frameworks-${CONFIGURATION}-input-files.xcfilelist",
			);
			name = "[CP] Embed Pods Frameworks";
			outputFileListPaths = (
				"${PODS_ROOT}/Target Support Files/Pods-MyApp/Pods-MyApp-frameworks-${CONFIGURATION}-output-files.xcfilelist",
			);
			runOnlyForDeploymentPostprocessing = 0;
			shellPath = /bin/sh;
			shellScript = "\"${PODS_ROOT}/Target Support Files/Pods-MyApp/Pods-MyApp-frameworks.sh\"\n";
			showEnvVarsInLog = 0;
		};
		68A50C572752A4CA295A44DB /* [CP] Check Pods Manifest.lock */ = {
			isa = PBXShellScriptBuildPhase;
			buildActionMask = 2147483647;
			files = (
			);
			inputFileListPaths = (
			);
			inputPaths = (
				"${PODS_PODFILE_DIR_PATH}/Podfile.lock",
				"${PODS_ROOT}/Manifest.lock",
			);
			name = "[CP] Check Pods Manifest.lock";
			outputFileListPaths = (
			);
			outputPaths = (
				"$(DERIVED_FILE_DIR)/Pods-MyAppTests-checkManifestLockResult.txt",
			);
			runOnlyForDeploymentPostprocessing = 0;
			shellPath = /bin/sh;
			shellScript = "diff \"${PODS_PODFILE_DIR_PATH}/Podfile.lock\" \"${PODS_ROOT}/Manifest.lock\" > /dev/null\nif [ $? != 0 ] ; then\n    # print error to STDERR\n    echo \"error: The sandbox is not in sync with the Podfile.lock. Run 'pod install' or update your CocoaPods installation.\" >&2\n    exit 1\nfi\n# This output is used by Xcode 'outputs' to avoid re-running this script phase.\necho \"SUCCESS\" > \"${SCRIPT_OUTPUT_FILE_0}\"\n";
			showEnvVarsInLog = 0;
		};
		69B211D422D3392900A765A5 /* Run Script - R.swift */ = {
			isa = PBXShellScriptBuildPhase;
			buildActionMask = 2147483647;
			files = (
			);
			inputFileListPaths = (
			);
			inputPaths = (
				"$TEMP_DIR/rswift-lastrun",
			);
			name = "Run Script - R.swift";
			outputFileListPaths = (
			);
			outputPaths = (
				$SRCROOT/MyApp/Resources/R.generated.swift,
			);
			runOnlyForDeploymentPostprocessing = 0;
			shellPath = /bin/sh;
			shellScript = "\"$PODS_ROOT/R.swift/rswift\" generate \"$SRCROOT/MyApp/Resources/R.generated.swift\"\n";
		};
		69B211D522D3396700A765A5 /* Run Script - SwiftLint */ = {
			isa = PBXShellScriptBuildPhase;
			buildActionMask = 2147483647;
			files = (
			);
			inputFileListPaths = (
			);
			inputPaths = (
			);
			name = "Run Script - SwiftLint";
			outputFileListPaths = (
			);
			outputPaths = (
			);
			runOnlyForDeploymentPostprocessing = 0;
			shellPath = /bin/sh;
			shellScript = "\"$PODS_ROOT/SwiftLint/swiftlint\"\n";
		};
		D1BE0AE0DD86C081479F234D /* [CP] Check Pods Manifest.lock */ = {
			isa = PBXShellScriptBuildPhase;
			buildActionMask = 2147483647;
			files = (
			);
			inputFileListPaths = (
			);
			inputPaths = (
				"${PODS_PODFILE_DIR_PATH}/Podfile.lock",
				"${PODS_ROOT}/Manifest.lock",
			);
			name = "[CP] Check Pods Manifest.lock";
			outputFileListPaths = (
			);
			outputPaths = (
				"$(DERIVED_FILE_DIR)/Pods-MyApp-checkManifestLockResult.txt",
			);
			runOnlyForDeploymentPostprocessing = 0;
			shellPath = /bin/sh;
			shellScript = "diff \"${PODS_PODFILE_DIR_PATH}/Podfile.lock\" \"${PODS_ROOT}/Manifest.lock\" > /dev/null\nif [ $? != 0 ] ; then\n    # print error to STDERR\n    echo \"error: The sandbox is not in sync with the Podfile.lock. Run 'pod install' or update your CocoaPods installation.\" >&2\n    exit 1\nfi\n# This output is used by Xcode 'outputs' to avoid re-running this script phase.\necho \"SUCCESS\" > \"${SCRIPT_OUTPUT_FILE_0}\"\n";
			showEnvVarsInLog = 0;
		};
/* End PBXShellScriptBuildPhase section */

/* Begin PBXSourcesBuildPhase section */
		69EA9F6A22D2F64700FC02D7 /* Sources */ = {
			isa = PBXSourcesBuildPhase;
			buildActionMask = 2147483647;
			files = (
				693AD1FA22D43AE500DA553B /* CustomError.swift in Sources */,
				E7FA532A22D38ABA007A6BA4 /* ViewController.swift in Sources */,
				E7FA532C22D38AD2007A6BA4 /* TabbarController.swift in Sources */,
				693AD1EE22D4334100DA553B /* APIAction.swift in Sources */,
				693AD20722D4426800DA553B /* CacheModel.xcdatamodeld in Sources */,
				693AD22D22D46C0700DA553B /* PhotoTableCell.swift in Sources */,
				693AD1F222D4358A00DA553B /* SingleItemResource.swift in Sources */,
				E7FA534A22D3AA3A007A6BA4 /* StringExt.swift in Sources */,
				69EA9F7222D2F64700FC02D7 /* AppDelegate.swift in Sources */,
				69B211DA22D33B8A00A765A5 /* R.generated.swift in Sources */,
				693AD22222D4536200DA553B /* SplashViewController.swift in Sources */,
				693AD1E622D4321C00DA553B /* NetworkService.swift in Sources */,
				693AD20E22D44D5800DA553B /* PhotoTableCellViewModel.swift in Sources */,
				693AD20022D43E6B00DA553B /* Cache.swift in Sources */,
				E7FA534F22D3AC4F007A6BA4 /* Measurement.swift in Sources */,
				693AD20C22D44C2A00DA553B /* HomeViewModel.swift in Sources */,
				693AD21022D44DC300DA553B /* Photo.swift in Sources */,
				693AD1F422D4367F00DA553B /* ArrayResource.swift in Sources */,
				E7FA533022D38EEF007A6BA4 /* TabBarItem.swift in Sources */,
				693AD1F022D4340100DA553B /* AdvencedAction.swift in Sources */,
				693AD22622D4536200DA553B /* SettingViewController.swift in Sources */,
				693AD1DE22D425A000DA553B /* BundleExt.swift in Sources */,
				693AD22122D4536200DA553B /* HomeViewController.swift in Sources */,
				E7FA534622D3A94C007A6BA4 /* FontSizeExt.swift in Sources */,
				E7FA534822D3A989007A6BA4 /* CGFloatExt.swift in Sources */,
				693AD22522D4536200DA553B /* ExploerViewController.swift in Sources */,
				693AD1F622D4378200DA553B /* BasicNetworkService.swift in Sources */,
				E7FA534D22D3ABC8007A6BA4 /* Ratio.swift in Sources */,
				693AD1FC22D43BD100DA553B /* CachedNetworkService.swift in Sources */,
				693AD1E822D4328600DA553B /* Cacheable.swift in Sources */,
				693AD23122D473CC00DA553B /* Dao.swift in Sources */,
				693AD1F822D43A4A00DA553B /* Utility.swift in Sources */,
				693AD20222D43E7800DA553B /* CoreDataStack.swift in Sources */,
				693AD1E122D42C9400DA553B /* Language.swift in Sources */,
			);
			runOnlyForDeploymentPostprocessing = 0;
		};
		69EA9F7E22D2F64900FC02D7 /* Sources */ = {
			isa = PBXSourcesBuildPhase;
			buildActionMask = 2147483647;
			files = (
				69EA9F8722D2F64900FC02D7 /* MyAppTests.swift in Sources */,
			);
			runOnlyForDeploymentPostprocessing = 0;
		};
/* End PBXSourcesBuildPhase section */

/* Begin PBXTargetDependency section */
		69EA9F8422D2F64900FC02D7 /* PBXTargetDependency */ = {
			isa = PBXTargetDependency;
			target = 69EA9F6D22D2F64700FC02D7 /* MyApp */;
			targetProxy = 69EA9F8322D2F64900FC02D7 /* PBXContainerItemProxy */;
		};
/* End PBXTargetDependency section */

/* Begin PBXVariantGroup section */
		E7FA535B22D3AF74007A6BA4 /* Localizable.strings */ = {
			isa = PBXVariantGroup;
			children = (
				E7FA535A22D3AF74007A6BA4 /* en */,
				E7FA535D22D3AF83007A6BA4 /* ja */,
			);
			name = Localizable.strings;
			sourceTree = "<group>";
		};
/* End PBXVariantGroup section */

/* Begin XCBuildConfiguration section */
		69B211CA22D3345A00A765A5 /* Release-UAT */ = {
			isa = XCBuildConfiguration;
			baseConfigurationReference = 69B211C722D32FB000A765A5 /* Release-UAT.xcconfig */;
			buildSettings = {
				ALWAYS_EMBED_SWIFT_STANDARD_LIBRARIES = "$(inherited)";
				ALWAYS_SEARCH_USER_PATHS = NO;
				CLANG_ANALYZER_LOCALIZABILITY_NONLOCALIZED = YES;
				CLANG_ANALYZER_NONNULL = YES;
				CLANG_ANALYZER_NUMBER_OBJECT_CONVERSION = YES_AGGRESSIVE;
				CLANG_CXX_LANGUAGE_STANDARD = "gnu++14";
				CLANG_CXX_LIBRARY = "libc++";
				CLANG_ENABLE_MODULES = YES;
				CLANG_ENABLE_OBJC_ARC = YES;
				CLANG_ENABLE_OBJC_WEAK = YES;
				CLANG_WARN_BLOCK_CAPTURE_AUTORELEASING = YES;
				CLANG_WARN_BOOL_CONVERSION = YES;
				CLANG_WARN_COMMA = YES;
				CLANG_WARN_CONSTANT_CONVERSION = YES;
				CLANG_WARN_DEPRECATED_OBJC_IMPLEMENTATIONS = YES;
				CLANG_WARN_DIRECT_OBJC_ISA_USAGE = YES_ERROR;
				CLANG_WARN_DOCUMENTATION_COMMENTS = YES;
				CLANG_WARN_EMPTY_BODY = YES;
				CLANG_WARN_ENUM_CONVERSION = YES;
				CLANG_WARN_INFINITE_RECURSION = YES;
				CLANG_WARN_INT_CONVERSION = YES;
				CLANG_WARN_NON_LITERAL_NULL_CONVERSION = YES;
				CLANG_WARN_OBJC_IMPLICIT_RETAIN_SELF = YES;
				CLANG_WARN_OBJC_LITERAL_CONVERSION = YES;
				CLANG_WARN_OBJC_ROOT_CLASS = YES_ERROR;
				CLANG_WARN_RANGE_LOOP_ANALYSIS = YES;
				CLANG_WARN_STRICT_PROTOTYPES = YES;
				CLANG_WARN_SUSPICIOUS_MOVE = YES;
				CLANG_WARN_UNGUARDED_AVAILABILITY = YES_AGGRESSIVE;
				CLANG_WARN_UNREACHABLE_CODE = YES;
				CLANG_WARN__DUPLICATE_METHOD_MATCH = YES;
				CODE_SIGN_IDENTITY = "iPhone Developer";
				COPY_PHASE_STRIP = NO;
				DEBUG_INFORMATION_FORMAT = "dwarf-with-dsym";
				ENABLE_NS_ASSERTIONS = NO;
				ENABLE_STRICT_OBJC_MSGSEND = YES;
				GCC_C_LANGUAGE_STANDARD = gnu11;
				GCC_NO_COMMON_BLOCKS = YES;
				GCC_WARN_64_TO_32_BIT_CONVERSION = YES;
				GCC_WARN_ABOUT_RETURN_TYPE = YES_ERROR;
				GCC_WARN_UNDECLARED_SELECTOR = YES;
				GCC_WARN_UNINITIALIZED_AUTOS = YES_AGGRESSIVE;
				GCC_WARN_UNUSED_FUNCTION = YES;
				GCC_WARN_UNUSED_VARIABLE = YES;
				IPHONEOS_DEPLOYMENT_TARGET = 12.2;
				MTL_ENABLE_DEBUG_INFO = NO;
				MTL_FAST_MATH = YES;
				SDKROOT = iphoneos;
				SWIFT_COMPILATION_MODE = wholemodule;
				SWIFT_OPTIMIZATION_LEVEL = "-O";
				VALIDATE_PRODUCT = YES;
			};
			name = "Release-UAT";
		};
		69B211CB22D3345A00A765A5 /* Release-UAT */ = {
			isa = XCBuildConfiguration;
			baseConfigurationReference = 87F99550A32D0D550BDE596D /* Pods-MyApp.release-uat.xcconfig */;
			buildSettings = {
				ALWAYS_EMBED_SWIFT_STANDARD_LIBRARIES = "$(inherited)";
				ASSETCATALOG_COMPILER_APPICON_NAME = AppIcon;
				CODE_SIGN_IDENTITY = "iPhone Developer";
				CODE_SIGN_STYLE = Automatic;
				CURRENT_PROJECT_VERSION = 1;
				DEVELOPMENT_TEAM = T9S83DPATB;
				INFOPLIST_FILE = "$(SRCROOT)/MyApp/Supports/Info.plist";
				LD_RUNPATH_SEARCH_PATHS = (
					"$(inherited)",
					"@executable_path/Frameworks",
				);
				OTHER_SWIFT_FLAGS = "$(inherited) -D COCOAPODS -Xfrontend -warn-long-function-bodies=200 -Xfrontend -warn-long-expression-type-checking=200";
				PRODUCT_BUNDLE_IDENTIFIER = net.chinhpham.MyApp;
				PRODUCT_NAME = "$(TARGET_NAME)";
				PROVISIONING_PROFILE_SPECIFIER = "";
				SWIFT_VERSION = 5.0;
				TARGETED_DEVICE_FAMILY = "1,2";
				VERSIONING_SYSTEM = "apple-generic";
			};
			name = "Release-UAT";
		};
		69B211CC22D3345A00A765A5 /* Release-UAT */ = {
			isa = XCBuildConfiguration;
			baseConfigurationReference = 8C64B218D28B5DCCDB6B0116 /* Pods-MyAppTests.release-uat.xcconfig */;
			buildSettings = {
				ALWAYS_EMBED_SWIFT_STANDARD_LIBRARIES = "$(inherited)";
				BUNDLE_LOADER = "$(TEST_HOST)";
				CODE_SIGN_STYLE = Automatic;
				DEVELOPMENT_TEAM = T9S83DPATB;
				INFOPLIST_FILE = MyAppTests/Info.plist;
				LD_RUNPATH_SEARCH_PATHS = (
					"$(inherited)",
					"@executable_path/Frameworks",
					"@loader_path/Frameworks",
				);
				PRODUCT_BUNDLE_IDENTIFIER = com.chinhpham.MyAppTests;
				PRODUCT_NAME = "$(TARGET_NAME)";
				SWIFT_VERSION = 5.0;
				TARGETED_DEVICE_FAMILY = "1,2";
				TEST_HOST = "$(BUILT_PRODUCTS_DIR)/MyApp.app/MyApp";
			};
			name = "Release-UAT";
		};
		69B211CD22D3352500A765A5 /* Release-PROD */ = {
			isa = XCBuildConfiguration;
			baseConfigurationReference = 69B211C822D32FBF00A765A5 /* Release-PROD.xcconfig */;
			buildSettings = {
				ALWAYS_EMBED_SWIFT_STANDARD_LIBRARIES = "$(inherited)";
				ALWAYS_SEARCH_USER_PATHS = NO;
				CLANG_ANALYZER_LOCALIZABILITY_NONLOCALIZED = YES;
				CLANG_ANALYZER_NONNULL = YES;
				CLANG_ANALYZER_NUMBER_OBJECT_CONVERSION = YES_AGGRESSIVE;
				CLANG_CXX_LANGUAGE_STANDARD = "gnu++14";
				CLANG_CXX_LIBRARY = "libc++";
				CLANG_ENABLE_MODULES = YES;
				CLANG_ENABLE_OBJC_ARC = YES;
				CLANG_ENABLE_OBJC_WEAK = YES;
				CLANG_WARN_BLOCK_CAPTURE_AUTORELEASING = YES;
				CLANG_WARN_BOOL_CONVERSION = YES;
				CLANG_WARN_COMMA = YES;
				CLANG_WARN_CONSTANT_CONVERSION = YES;
				CLANG_WARN_DEPRECATED_OBJC_IMPLEMENTATIONS = YES;
				CLANG_WARN_DIRECT_OBJC_ISA_USAGE = YES_ERROR;
				CLANG_WARN_DOCUMENTATION_COMMENTS = YES;
				CLANG_WARN_EMPTY_BODY = YES;
				CLANG_WARN_ENUM_CONVERSION = YES;
				CLANG_WARN_INFINITE_RECURSION = YES;
				CLANG_WARN_INT_CONVERSION = YES;
				CLANG_WARN_NON_LITERAL_NULL_CONVERSION = YES;
				CLANG_WARN_OBJC_IMPLICIT_RETAIN_SELF = YES;
				CLANG_WARN_OBJC_LITERAL_CONVERSION = YES;
				CLANG_WARN_OBJC_ROOT_CLASS = YES_ERROR;
				CLANG_WARN_RANGE_LOOP_ANALYSIS = YES;
				CLANG_WARN_STRICT_PROTOTYPES = YES;
				CLANG_WARN_SUSPICIOUS_MOVE = YES;
				CLANG_WARN_UNGUARDED_AVAILABILITY = YES_AGGRESSIVE;
				CLANG_WARN_UNREACHABLE_CODE = YES;
				CLANG_WARN__DUPLICATE_METHOD_MATCH = YES;
				CODE_SIGN_IDENTITY = "iPhone Developer";
				COPY_PHASE_STRIP = NO;
				DEBUG_INFORMATION_FORMAT = "dwarf-with-dsym";
				ENABLE_NS_ASSERTIONS = NO;
				ENABLE_STRICT_OBJC_MSGSEND = YES;
				GCC_C_LANGUAGE_STANDARD = gnu11;
				GCC_NO_COMMON_BLOCKS = YES;
				GCC_WARN_64_TO_32_BIT_CONVERSION = YES;
				GCC_WARN_ABOUT_RETURN_TYPE = YES_ERROR;
				GCC_WARN_UNDECLARED_SELECTOR = YES;
				GCC_WARN_UNINITIALIZED_AUTOS = YES_AGGRESSIVE;
				GCC_WARN_UNUSED_FUNCTION = YES;
				GCC_WARN_UNUSED_VARIABLE = YES;
				IPHONEOS_DEPLOYMENT_TARGET = 12.2;
				MTL_ENABLE_DEBUG_INFO = NO;
				MTL_FAST_MATH = YES;
				SDKROOT = iphoneos;
				SWIFT_COMPILATION_MODE = wholemodule;
				SWIFT_OPTIMIZATION_LEVEL = "-O";
				VALIDATE_PRODUCT = YES;
			};
			name = "Release-PROD";
		};
		69B211CE22D3352500A765A5 /* Release-PROD */ = {
			isa = XCBuildConfiguration;
			baseConfigurationReference = CD0E99D87120BDC05773D153 /* Pods-MyApp.release-prod.xcconfig */;
			buildSettings = {
				ALWAYS_EMBED_SWIFT_STANDARD_LIBRARIES = "$(inherited)";
				ASSETCATALOG_COMPILER_APPICON_NAME = AppIcon;
				CODE_SIGN_IDENTITY = "iPhone Developer";
				CODE_SIGN_STYLE = Automatic;
				CURRENT_PROJECT_VERSION = 1;
				DEVELOPMENT_TEAM = T9S83DPATB;
				INFOPLIST_FILE = "$(SRCROOT)/MyApp/Supports/Info.plist";
				LD_RUNPATH_SEARCH_PATHS = (
					"$(inherited)",
					"@executable_path/Frameworks",
				);
				OTHER_SWIFT_FLAGS = "$(inherited) -D COCOAPODS -Xfrontend -warn-long-function-bodies=200 -Xfrontend -warn-long-expression-type-checking=200";
				PRODUCT_BUNDLE_IDENTIFIER = net.chinhpham.MyApp;
				PRODUCT_NAME = "$(TARGET_NAME)";
				PROVISIONING_PROFILE_SPECIFIER = "";
				SWIFT_VERSION = 5.0;
				TARGETED_DEVICE_FAMILY = "1,2";
				VERSIONING_SYSTEM = "apple-generic";
			};
			name = "Release-PROD";
		};
		69B211CF22D3352500A765A5 /* Release-PROD */ = {
			isa = XCBuildConfiguration;
			baseConfigurationReference = 7E78F360A791705920D70DE3 /* Pods-MyAppTests.release-prod.xcconfig */;
			buildSettings = {
				ALWAYS_EMBED_SWIFT_STANDARD_LIBRARIES = "$(inherited)";
				BUNDLE_LOADER = "$(TEST_HOST)";
				CODE_SIGN_STYLE = Automatic;
				DEVELOPMENT_TEAM = T9S83DPATB;
				INFOPLIST_FILE = MyAppTests/Info.plist;
				LD_RUNPATH_SEARCH_PATHS = (
					"$(inherited)",
					"@executable_path/Frameworks",
					"@loader_path/Frameworks",
				);
				PRODUCT_BUNDLE_IDENTIFIER = com.chinhpham.MyAppTests;
				PRODUCT_NAME = "$(TARGET_NAME)";
				SWIFT_VERSION = 5.0;
				TARGETED_DEVICE_FAMILY = "1,2";
				TEST_HOST = "$(BUILT_PRODUCTS_DIR)/MyApp.app/MyApp";
			};
			name = "Release-PROD";
		};
		69EA9F9422D2F64900FC02D7 /* Debug */ = {
			isa = XCBuildConfiguration;
			baseConfigurationReference = 69B211C522D32F8900A765A5 /* Debug.xcconfig */;
			buildSettings = {
				ALWAYS_EMBED_SWIFT_STANDARD_LIBRARIES = "$(inherited)";
				ALWAYS_SEARCH_USER_PATHS = NO;
				CLANG_ANALYZER_LOCALIZABILITY_NONLOCALIZED = YES;
				CLANG_ANALYZER_NONNULL = YES;
				CLANG_ANALYZER_NUMBER_OBJECT_CONVERSION = YES_AGGRESSIVE;
				CLANG_CXX_LANGUAGE_STANDARD = "gnu++14";
				CLANG_CXX_LIBRARY = "libc++";
				CLANG_ENABLE_MODULES = YES;
				CLANG_ENABLE_OBJC_ARC = YES;
				CLANG_ENABLE_OBJC_WEAK = YES;
				CLANG_WARN_BLOCK_CAPTURE_AUTORELEASING = YES;
				CLANG_WARN_BOOL_CONVERSION = YES;
				CLANG_WARN_COMMA = YES;
				CLANG_WARN_CONSTANT_CONVERSION = YES;
				CLANG_WARN_DEPRECATED_OBJC_IMPLEMENTATIONS = YES;
				CLANG_WARN_DIRECT_OBJC_ISA_USAGE = YES_ERROR;
				CLANG_WARN_DOCUMENTATION_COMMENTS = YES;
				CLANG_WARN_EMPTY_BODY = YES;
				CLANG_WARN_ENUM_CONVERSION = YES;
				CLANG_WARN_INFINITE_RECURSION = YES;
				CLANG_WARN_INT_CONVERSION = YES;
				CLANG_WARN_NON_LITERAL_NULL_CONVERSION = YES;
				CLANG_WARN_OBJC_IMPLICIT_RETAIN_SELF = YES;
				CLANG_WARN_OBJC_LITERAL_CONVERSION = YES;
				CLANG_WARN_OBJC_ROOT_CLASS = YES_ERROR;
				CLANG_WARN_RANGE_LOOP_ANALYSIS = YES;
				CLANG_WARN_STRICT_PROTOTYPES = YES;
				CLANG_WARN_SUSPICIOUS_MOVE = YES;
				CLANG_WARN_UNGUARDED_AVAILABILITY = YES_AGGRESSIVE;
				CLANG_WARN_UNREACHABLE_CODE = YES;
				CLANG_WARN__DUPLICATE_METHOD_MATCH = YES;
				CODE_SIGN_IDENTITY = "iPhone Developer";
				COPY_PHASE_STRIP = NO;
				DEBUG_INFORMATION_FORMAT = dwarf;
				ENABLE_STRICT_OBJC_MSGSEND = YES;
				ENABLE_TESTABILITY = YES;
				GCC_C_LANGUAGE_STANDARD = gnu11;
				GCC_DYNAMIC_NO_PIC = NO;
				GCC_NO_COMMON_BLOCKS = YES;
				GCC_OPTIMIZATION_LEVEL = 0;
				GCC_PREPROCESSOR_DEFINITIONS = (
					"DEBUG=1",
					"$(inherited)",
				);
				GCC_WARN_64_TO_32_BIT_CONVERSION = YES;
				GCC_WARN_ABOUT_RETURN_TYPE = YES_ERROR;
				GCC_WARN_UNDECLARED_SELECTOR = YES;
				GCC_WARN_UNINITIALIZED_AUTOS = YES_AGGRESSIVE;
				GCC_WARN_UNUSED_FUNCTION = YES;
				GCC_WARN_UNUSED_VARIABLE = YES;
				IPHONEOS_DEPLOYMENT_TARGET = 12.2;
				MTL_ENABLE_DEBUG_INFO = INCLUDE_SOURCE;
				MTL_FAST_MATH = YES;
				ONLY_ACTIVE_ARCH = YES;
				OTHER_SWIFT_FLAGS = "$(inherited) \"-D\" \"DEBUG\"";
				SDKROOT = iphoneos;
				SWIFT_ACTIVE_COMPILATION_CONDITIONS = DEBUG;
				SWIFT_OPTIMIZATION_LEVEL = "-Onone";
				SWIFT_VERSION = 5.0;
			};
			name = Debug;
		};
		69EA9F9522D2F64900FC02D7 /* Release */ = {
			isa = XCBuildConfiguration;
			baseConfigurationReference = 69B211C622D32F9700A765A5 /* Release.xcconfig */;
			buildSettings = {
				ALWAYS_EMBED_SWIFT_STANDARD_LIBRARIES = "$(inherited)";
				ALWAYS_SEARCH_USER_PATHS = NO;
				CLANG_ANALYZER_LOCALIZABILITY_NONLOCALIZED = YES;
				CLANG_ANALYZER_NONNULL = YES;
				CLANG_ANALYZER_NUMBER_OBJECT_CONVERSION = YES_AGGRESSIVE;
				CLANG_CXX_LANGUAGE_STANDARD = "gnu++14";
				CLANG_CXX_LIBRARY = "libc++";
				CLANG_ENABLE_MODULES = YES;
				CLANG_ENABLE_OBJC_ARC = YES;
				CLANG_ENABLE_OBJC_WEAK = YES;
				CLANG_WARN_BLOCK_CAPTURE_AUTORELEASING = YES;
				CLANG_WARN_BOOL_CONVERSION = YES;
				CLANG_WARN_COMMA = YES;
				CLANG_WARN_CONSTANT_CONVERSION = YES;
				CLANG_WARN_DEPRECATED_OBJC_IMPLEMENTATIONS = YES;
				CLANG_WARN_DIRECT_OBJC_ISA_USAGE = YES_ERROR;
				CLANG_WARN_DOCUMENTATION_COMMENTS = YES;
				CLANG_WARN_EMPTY_BODY = YES;
				CLANG_WARN_ENUM_CONVERSION = YES;
				CLANG_WARN_INFINITE_RECURSION = YES;
				CLANG_WARN_INT_CONVERSION = YES;
				CLANG_WARN_NON_LITERAL_NULL_CONVERSION = YES;
				CLANG_WARN_OBJC_IMPLICIT_RETAIN_SELF = YES;
				CLANG_WARN_OBJC_LITERAL_CONVERSION = YES;
				CLANG_WARN_OBJC_ROOT_CLASS = YES_ERROR;
				CLANG_WARN_RANGE_LOOP_ANALYSIS = YES;
				CLANG_WARN_STRICT_PROTOTYPES = YES;
				CLANG_WARN_SUSPICIOUS_MOVE = YES;
				CLANG_WARN_UNGUARDED_AVAILABILITY = YES_AGGRESSIVE;
				CLANG_WARN_UNREACHABLE_CODE = YES;
				CLANG_WARN__DUPLICATE_METHOD_MATCH = YES;
				CODE_SIGN_IDENTITY = "iPhone Developer";
				COPY_PHASE_STRIP = NO;
				DEBUG_INFORMATION_FORMAT = "dwarf-with-dsym";
				ENABLE_NS_ASSERTIONS = NO;
				ENABLE_STRICT_OBJC_MSGSEND = YES;
				GCC_C_LANGUAGE_STANDARD = gnu11;
				GCC_NO_COMMON_BLOCKS = YES;
				GCC_WARN_64_TO_32_BIT_CONVERSION = YES;
				GCC_WARN_ABOUT_RETURN_TYPE = YES_ERROR;
				GCC_WARN_UNDECLARED_SELECTOR = YES;
				GCC_WARN_UNINITIALIZED_AUTOS = YES_AGGRESSIVE;
				GCC_WARN_UNUSED_FUNCTION = YES;
				GCC_WARN_UNUSED_VARIABLE = YES;
				IPHONEOS_DEPLOYMENT_TARGET = 12.2;
				MTL_ENABLE_DEBUG_INFO = NO;
				MTL_FAST_MATH = YES;
				SDKROOT = iphoneos;
				SWIFT_COMPILATION_MODE = wholemodule;
				SWIFT_OPTIMIZATION_LEVEL = "-O";
				SWIFT_VERSION = 5.0;
				VALIDATE_PRODUCT = YES;
			};
			name = Release;
		};
		69EA9F9722D2F64900FC02D7 /* Debug */ = {
			isa = XCBuildConfiguration;
			baseConfigurationReference = AB723D98D79ACA000E1560D9 /* Pods-MyApp.debug.xcconfig */;
			buildSettings = {
				ALWAYS_EMBED_SWIFT_STANDARD_LIBRARIES = "$(inherited)";
				ASSETCATALOG_COMPILER_APPICON_NAME = AppIcon;
				CODE_SIGN_IDENTITY = "iPhone Developer";
				CODE_SIGN_STYLE = Automatic;
				CURRENT_PROJECT_VERSION = 1;
				"DEBUG_INFORMATION_FORMAT[sdk=iphoneos*]" = "dwarf-with-dsym";
				"DEBUG_INFORMATION_FORMAT[sdk=iphonesimulator*]" = dwarf;
				DEVELOPMENT_TEAM = T9S83DPATB;
				INFOPLIST_FILE = "$(SRCROOT)/MyApp/Supports/Info.plist";
				LD_RUNPATH_SEARCH_PATHS = (
					"$(inherited)",
					"@executable_path/Frameworks",
				);
				OTHER_SWIFT_FLAGS = "-Onone $(inherited) -D COCOAPODS -Xfrontend -warn-long-function-bodies=200 -Xfrontend -warn-long-expression-type-checking=200";
				PRODUCT_BUNDLE_IDENTIFIER = net.chinhpham.MyApp;
				PRODUCT_NAME = "$(TARGET_NAME)";
				PROVISIONING_PROFILE_SPECIFIER = "";
				SWIFT_VERSION = 5.0;
				TARGETED_DEVICE_FAMILY = "1,2";
				VERSIONING_SYSTEM = "apple-generic";
			};
			name = Debug;
		};
		69EA9F9822D2F64900FC02D7 /* Release */ = {
			isa = XCBuildConfiguration;
			baseConfigurationReference = 8A40C89271C0F7DFD538B097 /* Pods-MyApp.release.xcconfig */;
			buildSettings = {
				ALWAYS_EMBED_SWIFT_STANDARD_LIBRARIES = "$(inherited)";
				ASSETCATALOG_COMPILER_APPICON_NAME = AppIcon;
				CODE_SIGN_IDENTITY = "iPhone Developer";
				CODE_SIGN_STYLE = Automatic;
				CURRENT_PROJECT_VERSION = 1;
				DEVELOPMENT_TEAM = T9S83DPATB;
				INFOPLIST_FILE = "$(SRCROOT)/MyApp/Supports/Info.plist";
				LD_RUNPATH_SEARCH_PATHS = (
					"$(inherited)",
					"@executable_path/Frameworks",
				);
				OTHER_SWIFT_FLAGS = "$(inherited) -D COCOAPODS -Xfrontend -warn-long-function-bodies=200 -Xfrontend -warn-long-expression-type-checking=200";
				PRODUCT_BUNDLE_IDENTIFIER = net.chinhpham.MyApp;
				PRODUCT_NAME = "$(TARGET_NAME)";
				PROVISIONING_PROFILE_SPECIFIER = "";
				SWIFT_VERSION = 5.0;
				TARGETED_DEVICE_FAMILY = "1,2";
				VERSIONING_SYSTEM = "apple-generic";
			};
			name = Release;
		};
		69EA9F9A22D2F64900FC02D7 /* Debug */ = {
			isa = XCBuildConfiguration;
			baseConfigurationReference = 465E8D274F4000D1AE4858C0 /* Pods-MyAppTests.debug.xcconfig */;
			buildSettings = {
				ALWAYS_EMBED_SWIFT_STANDARD_LIBRARIES = "$(inherited)";
				BUNDLE_LOADER = "$(TEST_HOST)";
				CODE_SIGN_STYLE = Automatic;
				DEVELOPMENT_TEAM = T9S83DPATB;
				INFOPLIST_FILE = MyAppTests/Info.plist;
				LD_RUNPATH_SEARCH_PATHS = (
					"$(inherited)",
					"@executable_path/Frameworks",
					"@loader_path/Frameworks",
				);
				PRODUCT_BUNDLE_IDENTIFIER = com.chinhpham.MyAppTests;
				PRODUCT_NAME = "$(TARGET_NAME)";
				SWIFT_VERSION = 5.0;
				TARGETED_DEVICE_FAMILY = "1,2";
				TEST_HOST = "$(BUILT_PRODUCTS_DIR)/MyApp.app/MyApp";
			};
			name = Debug;
		};
		69EA9F9B22D2F64900FC02D7 /* Release */ = {
			isa = XCBuildConfiguration;
			baseConfigurationReference = F3557AEC4CD1923586100729 /* Pods-MyAppTests.release.xcconfig */;
			buildSettings = {
				ALWAYS_EMBED_SWIFT_STANDARD_LIBRARIES = "$(inherited)";
				BUNDLE_LOADER = "$(TEST_HOST)";
				CODE_SIGN_STYLE = Automatic;
				DEVELOPMENT_TEAM = T9S83DPATB;
				INFOPLIST_FILE = MyAppTests/Info.plist;
				LD_RUNPATH_SEARCH_PATHS = (
					"$(inherited)",
					"@executable_path/Frameworks",
					"@loader_path/Frameworks",
				);
				PRODUCT_BUNDLE_IDENTIFIER = com.chinhpham.MyAppTests;
				PRODUCT_NAME = "$(TARGET_NAME)";
				SWIFT_VERSION = 5.0;
				TARGETED_DEVICE_FAMILY = "1,2";
				TEST_HOST = "$(BUILT_PRODUCTS_DIR)/MyApp.app/MyApp";
			};
			name = Release;
		};
/* End XCBuildConfiguration section */

/* Begin XCConfigurationList section */
		69EA9F6922D2F64700FC02D7 /* Build configuration list for PBXProject "MyApp" */ = {
			isa = XCConfigurationList;
			buildConfigurations = (
				69EA9F9422D2F64900FC02D7 /* Debug */,
				69EA9F9522D2F64900FC02D7 /* Release */,
				69B211CA22D3345A00A765A5 /* Release-UAT */,
				69B211CD22D3352500A765A5 /* Release-PROD */,
			);
			defaultConfigurationIsVisible = 0;
			defaultConfigurationName = Release;
		};
		69EA9F9622D2F64900FC02D7 /* Build configuration list for PBXNativeTarget "MyApp" */ = {
			isa = XCConfigurationList;
			buildConfigurations = (
				69EA9F9722D2F64900FC02D7 /* Debug */,
				69EA9F9822D2F64900FC02D7 /* Release */,
				69B211CB22D3345A00A765A5 /* Release-UAT */,
				69B211CE22D3352500A765A5 /* Release-PROD */,
			);
			defaultConfigurationIsVisible = 0;
			defaultConfigurationName = Release;
		};
		69EA9F9922D2F64900FC02D7 /* Build configuration list for PBXNativeTarget "MyAppTests" */ = {
			isa = XCConfigurationList;
			buildConfigurations = (
				69EA9F9A22D2F64900FC02D7 /* Debug */,
				69EA9F9B22D2F64900FC02D7 /* Release */,
				69B211CC22D3345A00A765A5 /* Release-UAT */,
				69B211CF22D3352500A765A5 /* Release-PROD */,
			);
			defaultConfigurationIsVisible = 0;
			defaultConfigurationName = Release;
		};
/* End XCConfigurationList section */

/* Begin XCVersionGroup section */
		693AD20522D4426800DA553B /* CacheModel.xcdatamodeld */ = {
			isa = XCVersionGroup;
			children = (
				693AD20622D4426800DA553B /* CacheModel.xcdatamodel */,
			);
			currentVersion = 693AD20622D4426800DA553B /* CacheModel.xcdatamodel */;
			path = CacheModel.xcdatamodeld;
			sourceTree = "<group>";
			versionGroupType = wrapper.xcdatamodel;
		};
/* End XCVersionGroup section */
	};
	rootObject = 69EA9F6622D2F64700FC02D7 /* Project object */;
}
